
Microsoft Visual Studio Solution File, Format Version 12.00
# Visual Studio 2015
Project("{FAE04EC0-301F-11D3-BF4B-00C04F79EFBC}") = "GestureBasedUIProject", "GestureBasedUIProject.csproj", "{45F6D37F-7B8D-2FEE-822A-7E7BC3A3083A}"
EndProject
Global
	GlobalSection(SolutionConfigurationPlatforms) = preSolution
		Debug|Any CPU = Debug|Any CPU
		Release|Any CPU = Release|Any CPU
	EndGlobalSection
	GlobalSection(ProjectConfigurationPlatforms) = postSolution
		{45F6D37F-7B8D-2FEE-822A-7E7BC3A3083A}.Debug|Any CPU.ActiveCfg = Debug|Any CPU
		{45F6D37F-7B8D-2FEE-822A-7E7BC3A3083A}.Debug|Any CPU.Build.0 = Debug|Any CPU
		{45F6D37F-7B8D-2FEE-822A-7E7BC3A3083A}.Release|Any CPU.ActiveCfg = Release|Any CPU
		{45F6D37F-7B8D-2FEE-822A-7E7BC3A3083A}.Release|Any CPU.Build.0 = Release|Any CPU
	EndGlobalSection
	GlobalSection(SolutionProperties) = preSolution
		HideSolutionNode = FALSE
	EndGlobalSection
EndGlobal
